
Microsoft Visual Studio Solution File, Format Version 12.00
# Visual Studio Version 16
VisualStudioVersion = 16.0.29911.84
MinimumVisualStudioVersion = 10.0.40219.1
Project("{2150E333-8FDC-42A3-9474-1A3956D46DE8}") = "Gateways", "Gateways", "{51B88109-95A2-4F7A-97FC-9CA698A81EBD}"
EndProject
Project("{2150E333-8FDC-42A3-9474-1A3956D46DE8}") = "IdentityServer", "IdentityServer", "{A6BC049C-F708-471F-A385-9E1DBEA31CE9}"
EndProject
Project("{2150E333-8FDC-42A3-9474-1A3956D46DE8}") = "Basket", "Basket", "{DCA08B9F-97A8-4A0D-803A-65C78790503D}"
EndProject
Project("{2150E333-8FDC-42A3-9474-1A3956D46DE8}") = "Web", "Web", "{F71C2FAC-8424-4883-8E2A-C38556669F6D}"
EndProject
Project("{9A19103F-16F7-4668-BE54-9A1E7A4F7556}") = "MachineCartSystem.IdentityServer", "MachineCartSystem.IdentityServer\MachineCartSystem.IdentityServer\MachineCartSystem.IdentityServer.csproj", "{974E66B9-6FDE-4FBD-A0CD-D9186B4A063D}"
EndProject
Project("{9A19103F-16F7-4668-BE54-9A1E7A4F7556}") = "MachineCartSystem.IdentityServer.Service", "MachineCartSystem.IdentityServer\MachineCartSystem.IdentityServer.Service\MachineCartSystem.IdentityServer.Service.csproj", "{19F25A21-5031-4F1D-8E38-ED5094AE373D}"
EndProject
Project("{2150E333-8FDC-42A3-9474-1A3956D46DE8}") = "Middlewares", "Middlewares", "{9A1987BA-AA05-4E3D-9143-EAE2D096FE50}"
EndProject
Project("{2150E333-8FDC-42A3-9474-1A3956D46DE8}") = "Microservices", "Microservices", "{09BB88D0-42C7-440D-83CF-A3272B0E8DCF}"
EndProject
Project("{2150E333-8FDC-42A3-9474-1A3956D46DE8}") = "Core", "Core", "{166E36C8-1E32-4577-A1A7-19D1B1955665}"
EndProject
Project("{9A19103F-16F7-4668-BE54-9A1E7A4F7556}") = "MachineCartSystem.Gateway.Web", "MachineCartSystem.Gateways\MachineCartSystem.WebGateway\MachineCartSystem.Gateway.Web\MachineCartSystem.Gateway.Web.csproj", "{45528684-8E90-477E-91B7-E73C7C13AB1C}"
EndProject
Project("{9A19103F-16F7-4668-BE54-9A1E7A4F7556}") = "MachineCartSystem.Gateway.WebService", "MachineCartSystem.Gateways\MachineCartSystem.WebGateway\MachineCartSystem.Gateway.WebService\MachineCartSystem.Gateway.WebService.csproj", "{E08EEE57-8CA3-4530-8036-4D0AD6013AC8}"
EndProject
Project("{9A19103F-16F7-4668-BE54-9A1E7A4F7556}") = "MachineCartSystem.Basket.Api", "MachineCartSystem.Microservices\Basket\MachineCartSystem.Basket.Api\MachineCartSystem.Basket.Api.csproj", "{7E4BDBFC-B1CC-49CA-B549-1639F408688F}"
EndProject
Project("{9A19103F-16F7-4668-BE54-9A1E7A4F7556}") = "MachineCartSystem.Basket.Domain", "MachineCartSystem.Microservices\Basket\MachineCartSystem.Basket.Domain\MachineCartSystem.Basket.Domain.csproj", "{D45A31A2-DC37-4819-B130-BA47E98F4ADF}"
EndProject
Project("{9A19103F-16F7-4668-BE54-9A1E7A4F7556}") = "MachineCartSystem.Basket.Entity", "MachineCartSystem.Microservices\Basket\MachineCartSystem.Basket.Entity\MachineCartSystem.Basket.Entity.csproj", "{85EDA5E1-7AE7-40D1-B785-C9B61D0C13E5}"
EndProject
Project("{9A19103F-16F7-4668-BE54-9A1E7A4F7556}") = "MachineCartSystem.Basket.Service", "MachineCartSystem.Microservices\Basket\MachineCartSystem.Basket.Service\MachineCartSystem.Basket.Service.csproj", "{5CCD967E-1D7B-44E2-8A68-8C0E22F5AAA8}"
EndProject
Project("{2150E333-8FDC-42A3-9474-1A3956D46DE8}") = "Order", "Order", "{A7E17AEF-130B-4356-BF23-5A4200CC4D0C}"
EndProject
Project("{9A19103F-16F7-4668-BE54-9A1E7A4F7556}") = "MachineCartSystem.Order.Api", "MachineCartSystem.Microservices\Order\MachineCartSystem.Order.Api\MachineCartSystem.Order.Api.csproj", "{BA423026-5759-4326-994F-EDF1771BDFBC}"
EndProject
Project("{9A19103F-16F7-4668-BE54-9A1E7A4F7556}") = "MachineCartSystem.Order.Service", "MachineCartSystem.Microservices\Order\MachineCartSystem.Order.Service\MachineCartSystem.Order.Service.csproj", "{65E7F2B5-9BB4-4A31-BD29-0EA5C36CF257}"
EndProject
Project("{2150E333-8FDC-42A3-9474-1A3956D46DE8}") = "src", "src", "{8ACA7E12-9C2F-4F53-9D79-B0DFDEE5FFC9}"
EndProject
Project("{2150E333-8FDC-42A3-9474-1A3956D46DE8}") = "test", "test", "{71EE6C43-DAA2-48E0-A498-CD5C01491F03}"
EndProject
Project("{E53339B2-1760-4266-BCC7-CA923CBCF16C}") = "docker-compose", "docker-compose.dcproj", "{20AC4ADD-FC22-431D-8CD2-5841D95A15EB}"
EndProject
Project("{2150E333-8FDC-42A3-9474-1A3956D46DE8}") = "Catalog", "Catalog", "{4736E66C-AEB5-45E6-9F2A-D350BDB12093}"
EndProject
Project("{9A19103F-16F7-4668-BE54-9A1E7A4F7556}") = "MachineCartSystem.Catalog.Api", "MachineCartSystem.Microservices\Catalog\MachineCartSystem.Catalog.Api\MachineCartSystem.Catalog.Api.csproj", "{9CBC5B04-06C4-4C04-B0A3-BABC8EE35939}"
EndProject
Project("{9A19103F-16F7-4668-BE54-9A1E7A4F7556}") = "MachineCartSystem.Catalog.Service", "MachineCartSystem.Microservices\Catalog\MachineCartSystem.Catalog.Service\MachineCartSystem.Catalog.Service.csproj", "{70D83DEB-88FF-44D9-8BDA-70D0055CD680}"
EndProject
Project("{9A19103F-16F7-4668-BE54-9A1E7A4F7556}") = "MachineCartSystem.Common", "MachineCartSystem.Core\MachineCartSystem.Common\MachineCartSystem.Common.csproj", "{9451B75B-EA86-4D00-831C-5C967FBFD6E4}"
EndProject
Project("{9A19103F-16F7-4668-BE54-9A1E7A4F7556}") = "MachineCartSystem.Configuration", "MachineCartSystem.Core\MachineCartSystem.Configuration\MachineCartSystem.Configuration.csproj", "{80392E82-4591-4354-9D02-6DFC116477D9}"
EndProject
Project("{D954291E-2A0B-460D-934E-DC6B0785DB48}") = "MachineCartSystem.Shared", "MachineCartSystem.Core\MachineCartSystem.Shared\MachineCartSystem.Shared.shproj", "{D0637348-C8DE-40D4-8D25-FF1596F28482}"
EndProject
Project("{9A19103F-16F7-4668-BE54-9A1E7A4F7556}") = "MMLib.SwaggerForOcelot", "..\..\MMLib.SwaggerForOcelot\src\MMLib.SwaggerForOcelot\MMLib.SwaggerForOcelot.csproj", "{07F5D769-4DDB-4436-89E9-D7F77CB6903D}"
EndProject
Project("{9A19103F-16F7-4668-BE54-9A1E7A4F7556}") = "Ocelot", "..\..\Ocelot\src\Ocelot\Ocelot.csproj", "{5B27A6DB-886E-4229-901F-5DD87CB8AB84}"
EndProject
Global
	GlobalSection(SharedMSBuildProjectFiles) = preSolution
		MachineCartSystem.Core\MachineCartSystem.Shared\MachineCartSystem.Shared.projitems*{80392e82-4591-4354-9d02-6dfc116477d9}*SharedItemsImports = 5
		MachineCartSystem.Core\MachineCartSystem.Shared\MachineCartSystem.Shared.projitems*{d0637348-c8de-40d4-8d25-ff1596f28482}*SharedItemsImports = 13
	EndGlobalSection
	GlobalSection(SolutionConfigurationPlatforms) = preSolution
		Debug|Any CPU = Debug|Any CPU
		Release|Any CPU = Release|Any CPU
	EndGlobalSection
	GlobalSection(ProjectConfigurationPlatforms) = postSolution
		{974E66B9-6FDE-4FBD-A0CD-D9186B4A063D}.Debug|Any CPU.ActiveCfg = Debug|Any CPU
		{974E66B9-6FDE-4FBD-A0CD-D9186B4A063D}.Debug|Any CPU.Build.0 = Debug|Any CPU
		{974E66B9-6FDE-4FBD-A0CD-D9186B4A063D}.Release|Any CPU.ActiveCfg = Release|Any CPU
		{974E66B9-6FDE-4FBD-A0CD-D9186B4A063D}.Release|Any CPU.Build.0 = Release|Any CPU
		{19F25A21-5031-4F1D-8E38-ED5094AE373D}.Debug|Any CPU.ActiveCfg = Debug|Any CPU
		{19F25A21-5031-4F1D-8E38-ED5094AE373D}.Debug|Any CPU.Build.0 = Debug|Any CPU
		{19F25A21-5031-4F1D-8E38-ED5094AE373D}.Release|Any CPU.ActiveCfg = Release|Any CPU
		{19F25A21-5031-4F1D-8E38-ED5094AE373D}.Release|Any CPU.Build.0 = Release|Any CPU
		{45528684-8E90-477E-91B7-E73C7C13AB1C}.Debug|Any CPU.ActiveCfg = Debug|Any CPU
		{45528684-8E90-477E-91B7-E73C7C13AB1C}.Debug|Any CPU.Build.0 = Debug|Any CPU
		{45528684-8E90-477E-91B7-E73C7C13AB1C}.Release|Any CPU.ActiveCfg = Release|Any CPU
		{45528684-8E90-477E-91B7-E73C7C13AB1C}.Release|Any CPU.Build.0 = Release|Any CPU
		{E08EEE57-8CA3-4530-8036-4D0AD6013AC8}.Debug|Any CPU.ActiveCfg = Debug|Any CPU
		{E08EEE57-8CA3-4530-8036-4D0AD6013AC8}.Debug|Any CPU.Build.0 = Debug|Any CPU
		{E08EEE57-8CA3-4530-8036-4D0AD6013AC8}.Release|Any CPU.ActiveCfg = Release|Any CPU
		{E08EEE57-8CA3-4530-8036-4D0AD6013AC8}.Release|Any CPU.Build.0 = Release|Any CPU
		{7E4BDBFC-B1CC-49CA-B549-1639F408688F}.Debug|Any CPU.ActiveCfg = Debug|Any CPU
		{7E4BDBFC-B1CC-49CA-B549-1639F408688F}.Debug|Any CPU.Build.0 = Debug|Any CPU
		{7E4BDBFC-B1CC-49CA-B549-1639F408688F}.Release|Any CPU.ActiveCfg = Release|Any CPU
		{7E4BDBFC-B1CC-49CA-B549-1639F408688F}.Release|Any CPU.Build.0 = Release|Any CPU
		{D45A31A2-DC37-4819-B130-BA47E98F4ADF}.Debug|Any CPU.ActiveCfg = Debug|Any CPU
		{D45A31A2-DC37-4819-B130-BA47E98F4ADF}.Debug|Any CPU.Build.0 = Debug|Any CPU
		{D45A31A2-DC37-4819-B130-BA47E98F4ADF}.Release|Any CPU.ActiveCfg = Release|Any CPU
		{D45A31A2-DC37-4819-B130-BA47E98F4ADF}.Release|Any CPU.Build.0 = Release|Any CPU
		{85EDA5E1-7AE7-40D1-B785-C9B61D0C13E5}.Debug|Any CPU.ActiveCfg = Debug|Any CPU
		{85EDA5E1-7AE7-40D1-B785-C9B61D0C13E5}.Debug|Any CPU.Build.0 = Debug|Any CPU
		{85EDA5E1-7AE7-40D1-B785-C9B61D0C13E5}.Release|Any CPU.ActiveCfg = Release|Any CPU
		{85EDA5E1-7AE7-40D1-B785-C9B61D0C13E5}.Release|Any CPU.Build.0 = Release|Any CPU
		{5CCD967E-1D7B-44E2-8A68-8C0E22F5AAA8}.Debug|Any CPU.ActiveCfg = Debug|Any CPU
		{5CCD967E-1D7B-44E2-8A68-8C0E22F5AAA8}.Debug|Any CPU.Build.0 = Debug|Any CPU
		{5CCD967E-1D7B-44E2-8A68-8C0E22F5AAA8}.Release|Any CPU.ActiveCfg = Release|Any CPU
		{5CCD967E-1D7B-44E2-8A68-8C0E22F5AAA8}.Release|Any CPU.Build.0 = Release|Any CPU
		{BA423026-5759-4326-994F-EDF1771BDFBC}.Debug|Any CPU.ActiveCfg = Debug|Any CPU
		{BA423026-5759-4326-994F-EDF1771BDFBC}.Debug|Any CPU.Build.0 = Debug|Any CPU
		{BA423026-5759-4326-994F-EDF1771BDFBC}.Release|Any CPU.ActiveCfg = Release|Any CPU
		{BA423026-5759-4326-994F-EDF1771BDFBC}.Release|Any CPU.Build.0 = Release|Any CPU
		{65E7F2B5-9BB4-4A31-BD29-0EA5C36CF257}.Debug|Any CPU.ActiveCfg = Debug|Any CPU
		{65E7F2B5-9BB4-4A31-BD29-0EA5C36CF257}.Debug|Any CPU.Build.0 = Debug|Any CPU
		{65E7F2B5-9BB4-4A31-BD29-0EA5C36CF257}.Release|Any CPU.ActiveCfg = Release|Any CPU
		{65E7F2B5-9BB4-4A31-BD29-0EA5C36CF257}.Release|Any CPU.Build.0 = Release|Any CPU
		{20AC4ADD-FC22-431D-8CD2-5841D95A15EB}.Debug|Any CPU.ActiveCfg = Debug|Any CPU
		{20AC4ADD-FC22-431D-8CD2-5841D95A15EB}.Debug|Any CPU.Build.0 = Debug|Any CPU
		{20AC4ADD-FC22-431D-8CD2-5841D95A15EB}.Release|Any CPU.ActiveCfg = Release|Any CPU
		{20AC4ADD-FC22-431D-8CD2-5841D95A15EB}.Release|Any CPU.Build.0 = Release|Any CPU
		{9CBC5B04-06C4-4C04-B0A3-BABC8EE35939}.Debug|Any CPU.ActiveCfg = Debug|Any CPU
		{9CBC5B04-06C4-4C04-B0A3-BABC8EE35939}.Debug|Any CPU.Build.0 = Debug|Any CPU
		{9CBC5B04-06C4-4C04-B0A3-BABC8EE35939}.Release|Any CPU.ActiveCfg = Release|Any CPU
		{9CBC5B04-06C4-4C04-B0A3-BABC8EE35939}.Release|Any CPU.Build.0 = Release|Any CPU
		{70D83DEB-88FF-44D9-8BDA-70D0055CD680}.Debug|Any CPU.ActiveCfg = Debug|Any CPU
		{70D83DEB-88FF-44D9-8BDA-70D0055CD680}.Debug|Any CPU.Build.0 = Debug|Any CPU
		{70D83DEB-88FF-44D9-8BDA-70D0055CD680}.Release|Any CPU.ActiveCfg = Release|Any CPU
		{70D83DEB-88FF-44D9-8BDA-70D0055CD680}.Release|Any CPU.Build.0 = Release|Any CPU
		{9451B75B-EA86-4D00-831C-5C967FBFD6E4}.Debug|Any CPU.ActiveCfg = Debug|Any CPU
		{9451B75B-EA86-4D00-831C-5C967FBFD6E4}.Debug|Any CPU.Build.0 = Debug|Any CPU
		{9451B75B-EA86-4D00-831C-5C967FBFD6E4}.Release|Any CPU.ActiveCfg = Release|Any CPU
		{9451B75B-EA86-4D00-831C-5C967FBFD6E4}.Release|Any CPU.Build.0 = Release|Any CPU
		{80392E82-4591-4354-9D02-6DFC116477D9}.Debug|Any CPU.ActiveCfg = Debug|Any CPU
		{80392E82-4591-4354-9D02-6DFC116477D9}.Debug|Any CPU.Build.0 = Debug|Any CPU
		{80392E82-4591-4354-9D02-6DFC116477D9}.Release|Any CPU.ActiveCfg = Release|Any CPU
		{80392E82-4591-4354-9D02-6DFC116477D9}.Release|Any CPU.Build.0 = Release|Any CPU
		{07F5D769-4DDB-4436-89E9-D7F77CB6903D}.Debug|Any CPU.ActiveCfg = Debug|Any CPU
		{07F5D769-4DDB-4436-89E9-D7F77CB6903D}.Debug|Any CPU.Build.0 = Debug|Any CPU
		{07F5D769-4DDB-4436-89E9-D7F77CB6903D}.Release|Any CPU.ActiveCfg = Release|Any CPU
		{07F5D769-4DDB-4436-89E9-D7F77CB6903D}.Release|Any CPU.Build.0 = Release|Any CPU
		{5B27A6DB-886E-4229-901F-5DD87CB8AB84}.Debug|Any CPU.ActiveCfg = Debug|Any CPU
		{5B27A6DB-886E-4229-901F-5DD87CB8AB84}.Debug|Any CPU.Build.0 = Debug|Any CPU
		{5B27A6DB-886E-4229-901F-5DD87CB8AB84}.Release|Any CPU.ActiveCfg = Release|Any CPU
		{5B27A6DB-886E-4229-901F-5DD87CB8AB84}.Release|Any CPU.Build.0 = Release|Any CPU
	EndGlobalSection
	GlobalSection(SolutionProperties) = preSolution
		HideSolutionNode = FALSE
	EndGlobalSection
	GlobalSection(NestedProjects) = preSolution
		{51B88109-95A2-4F7A-97FC-9CA698A81EBD} = {8ACA7E12-9C2F-4F53-9D79-B0DFDEE5FFC9}
		{A6BC049C-F708-471F-A385-9E1DBEA31CE9} = {8ACA7E12-9C2F-4F53-9D79-B0DFDEE5FFC9}
		{DCA08B9F-97A8-4A0D-803A-65C78790503D} = {09BB88D0-42C7-440D-83CF-A3272B0E8DCF}
		{F71C2FAC-8424-4883-8E2A-C38556669F6D} = {51B88109-95A2-4F7A-97FC-9CA698A81EBD}
		{974E66B9-6FDE-4FBD-A0CD-D9186B4A063D} = {A6BC049C-F708-471F-A385-9E1DBEA31CE9}
		{19F25A21-5031-4F1D-8E38-ED5094AE373D} = {A6BC049C-F708-471F-A385-9E1DBEA31CE9}
		{9A1987BA-AA05-4E3D-9143-EAE2D096FE50} = {8ACA7E12-9C2F-4F53-9D79-B0DFDEE5FFC9}
		{09BB88D0-42C7-440D-83CF-A3272B0E8DCF} = {8ACA7E12-9C2F-4F53-9D79-B0DFDEE5FFC9}
		{166E36C8-1E32-4577-A1A7-19D1B1955665} = {8ACA7E12-9C2F-4F53-9D79-B0DFDEE5FFC9}
		{45528684-8E90-477E-91B7-E73C7C13AB1C} = {F71C2FAC-8424-4883-8E2A-C38556669F6D}
		{E08EEE57-8CA3-4530-8036-4D0AD6013AC8} = {F71C2FAC-8424-4883-8E2A-C38556669F6D}
		{7E4BDBFC-B1CC-49CA-B549-1639F408688F} = {DCA08B9F-97A8-4A0D-803A-65C78790503D}
		{D45A31A2-DC37-4819-B130-BA47E98F4ADF} = {DCA08B9F-97A8-4A0D-803A-65C78790503D}
		{85EDA5E1-7AE7-40D1-B785-C9B61D0C13E5} = {DCA08B9F-97A8-4A0D-803A-65C78790503D}
		{5CCD967E-1D7B-44E2-8A68-8C0E22F5AAA8} = {DCA08B9F-97A8-4A0D-803A-65C78790503D}
		{A7E17AEF-130B-4356-BF23-5A4200CC4D0C} = {09BB88D0-42C7-440D-83CF-A3272B0E8DCF}
		{BA423026-5759-4326-994F-EDF1771BDFBC} = {A7E17AEF-130B-4356-BF23-5A4200CC4D0C}
		{65E7F2B5-9BB4-4A31-BD29-0EA5C36CF257} = {A7E17AEF-130B-4356-BF23-5A4200CC4D0C}
		{4736E66C-AEB5-45E6-9F2A-D350BDB12093} = {09BB88D0-42C7-440D-83CF-A3272B0E8DCF}
		{9CBC5B04-06C4-4C04-B0A3-BABC8EE35939} = {4736E66C-AEB5-45E6-9F2A-D350BDB12093}
		{70D83DEB-88FF-44D9-8BDA-70D0055CD680} = {4736E66C-AEB5-45E6-9F2A-D350BDB12093}
		{9451B75B-EA86-4D00-831C-5C967FBFD6E4} = {166E36C8-1E32-4577-A1A7-19D1B1955665}
		{80392E82-4591-4354-9D02-6DFC116477D9} = {166E36C8-1E32-4577-A1A7-19D1B1955665}
		{D0637348-C8DE-40D4-8D25-FF1596F28482} = {166E36C8-1E32-4577-A1A7-19D1B1955665}
	EndGlobalSection
	GlobalSection(ExtensibilityGlobals) = postSolution
		SolutionGuid = {43502D4D-6921-484E-9D2F-632259A40C93}
	EndGlobalSection
EndGlobal
